
Microsoft Visual Studio Solution File, Format Version 12.00
# Visual Studio Version 16
VisualStudioVersion = 16.0.31515.178
MinimumVisualStudioVersion = 10.0.40219.1
Project("{888888A0-9F3D-457C-B088-3A5042F75D52}") = "Week9_ADD BASIC SECURITY TO THE APPLICATION", "Week9_ADD BASIC SECURITY TO THE APPLICATION.pyproj", "{74962E93-80A5-480E-94B6-644FFB924826}"
EndProject
Global
	GlobalSection(SolutionConfigurationPlatforms) = preSolution
		Debug|Any CPU = Debug|Any CPU
		Release|Any CPU = Release|Any CPU
	EndGlobalSection
	GlobalSection(ProjectConfigurationPlatforms) = postSolution
		{74962E93-80A5-480E-94B6-644FFB924826}.Debug|Any CPU.ActiveCfg = Debug|Any CPU
		{74962E93-80A5-480E-94B6-644FFB924826}.Release|Any CPU.ActiveCfg = Release|Any CPU
	EndGlobalSection
	GlobalSection(SolutionProperties) = preSolution
		HideSolutionNode = FALSE
	EndGlobalSection
	GlobalSection(ExtensibilityGlobals) = postSolution
		SolutionGuid = {0A1E8F6B-9F33-42CB-82F3-2617670420AE}
	EndGlobalSection
EndGlobal
